
Microsoft Visual Studio Solution File, Format Version 12.00
# Visual Studio Version 17
VisualStudioVersion = 17.9.34902.65
MinimumVisualStudioVersion = 10.0.40219.1
Project("{FAE04EC0-301F-11D3-BF4B-00C04F79EFBC}") = "AllSpace_Facilities", "AllSpace_Facilities\AllSpace_Facilities.csproj", "{21640455-8834-4E2F-BFED-6E14E89FD8D0}"
EndProject
Global
	GlobalSection(SolutionConfigurationPlatforms) = preSolution
		Debug|Any CPU = Debug|Any CPU
		Release|Any CPU = Release|Any CPU
	EndGlobalSection
	GlobalSection(ProjectConfigurationPlatforms) = postSolution
		{21640455-8834-4E2F-BFED-6E14E89FD8D0}.Debug|Any CPU.ActiveCfg = Debug|Any CPU
		{21640455-8834-4E2F-BFED-6E14E89FD8D0}.Debug|Any CPU.Build.0 = Debug|Any CPU
		{21640455-8834-4E2F-BFED-6E14E89FD8D0}.Release|Any CPU.ActiveCfg = Release|Any CPU
		{21640455-8834-4E2F-BFED-6E14E89FD8D0}.Release|Any CPU.Build.0 = Release|Any CPU
	EndGlobalSection
	GlobalSection(SolutionProperties) = preSolution
		HideSolutionNode = FALSE
	EndGlobalSection
	GlobalSection(ExtensibilityGlobals) = postSolution
		SolutionGuid = {7E64D458-E33F-4951-B1BF-F2AE3FB6AA33}
	EndGlobalSection
EndGlobal
